
Microsoft Visual Studio Solution File, Format Version 12.00
# Visual Studio Version 17
VisualStudioVersion = 17.1.32210.238
MinimumVisualStudioVersion = 10.0.40219.1
Project("{FAE04EC0-301F-11D3-BF4B-00C04F79EFBC}") = "Branching_practice", "Branching_practice\Branching_practice.csproj", "{5F2E61A8-4527-42AA-B508-44084C2EC99B}"
EndProject
Global
	GlobalSection(SolutionConfigurationPlatforms) = preSolution
		Debug|Any CPU = Debug|Any CPU
		Release|Any CPU = Release|Any CPU
	EndGlobalSection
	GlobalSection(ProjectConfigurationPlatforms) = postSolution
		{5F2E61A8-4527-42AA-B508-44084C2EC99B}.Debug|Any CPU.ActiveCfg = Debug|Any CPU
		{5F2E61A8-4527-42AA-B508-44084C2EC99B}.Debug|Any CPU.Build.0 = Debug|Any CPU
		{5F2E61A8-4527-42AA-B508-44084C2EC99B}.Release|Any CPU.ActiveCfg = Release|Any CPU
		{5F2E61A8-4527-42AA-B508-44084C2EC99B}.Release|Any CPU.Build.0 = Release|Any CPU
	EndGlobalSection
	GlobalSection(SolutionProperties) = preSolution
		HideSolutionNode = FALSE
	EndGlobalSection
	GlobalSection(ExtensibilityGlobals) = postSolution
		SolutionGuid = {86C084B3-F0A0-46ED-B2A0-CB9D1587B519}
	EndGlobalSection
EndGlobal
